// !$*UTF8*$!
{
	archiveVersion = 1;
	classes = {
	};
	objectVersion = 50;
	objects = {

/* Begin PBXBuildFile section */
		A4001F1C218C56AB007EBC6E /* RiseTextView.swift in Sources */ = {isa = PBXBuildFile; fileRef = A4001F1B218C56AB007EBC6E /* RiseTextView.swift */; };
		A40F3434214B856600FA0FAA /* EmployeeDetailsViewController.swift in Sources */ = {isa = PBXBuildFile; fileRef = A40F3433214B856600FA0FAA /* EmployeeDetailsViewController.swift */; };
		A40F3436214B94E300FA0FAA /* AddNoteViewController.swift in Sources */ = {isa = PBXBuildFile; fileRef = A40F3435214B94E300FA0FAA /* AddNoteViewController.swift */; };
		A40F3438214B9CA100FA0FAA /* NoteTableViewCell.swift in Sources */ = {isa = PBXBuildFile; fileRef = A40F3437214B9CA100FA0FAA /* NoteTableViewCell.swift */; };
		A450B1A8219050C200DEA005 /* RisePrimaryUIButton.swift in Sources */ = {isa = PBXBuildFile; fileRef = A450B1A7219050C200DEA005 /* RisePrimaryUIButton.swift */; };
		A450B1AA2190573500DEA005 /* RiseSecondaryUIButton.swift in Sources */ = {isa = PBXBuildFile; fileRef = A450B1A92190573500DEA005 /* RiseSecondaryUIButton.swift */; };
		A450B1AC21905B8100DEA005 /* LoginViewController.swift in Sources */ = {isa = PBXBuildFile; fileRef = A450B1AB21905B8100DEA005 /* LoginViewController.swift */; };
		A46EDF51218343D700C37CD6 /* SettingsViewController.swift in Sources */ = {isa = PBXBuildFile; fileRef = A46EDF50218343D700C37CD6 /* SettingsViewController.swift */; };
		A46EDF53218343F100C37CD6 /* Settings.storyboard in Resources */ = {isa = PBXBuildFile; fileRef = A46EDF52218343F100C37CD6 /* Settings.storyboard */; };
		A46EDF5521834BE900C37CD6 /* Defaults.swift in Sources */ = {isa = PBXBuildFile; fileRef = A46EDF5421834BE900C37CD6 /* Defaults.swift */; };
		A4B56EC8214DDC5400D74FE5 /* Utility.swift in Sources */ = {isa = PBXBuildFile; fileRef = A4B56EC7214DDC5400D74FE5 /* Utility.swift */; };
		A4B5D5332146F29C00A46D00 /* AppDelegate.swift in Sources */ = {isa = PBXBuildFile; fileRef = A4B5D5322146F29C00A46D00 /* AppDelegate.swift */; };
		A4B5D5382146F29C00A46D00 /* Main.storyboard in Resources */ = {isa = PBXBuildFile; fileRef = A4B5D5362146F29C00A46D00 /* Main.storyboard */; };
		A4B5D53B2146F29C00A46D00 /* Rise.xcdatamodeld in Sources */ = {isa = PBXBuildFile; fileRef = A4B5D5392146F29C00A46D00 /* Rise.xcdatamodeld */; };
		A4B5D53D2146F29D00A46D00 /* Assets.xcassets in Resources */ = {isa = PBXBuildFile; fileRef = A4B5D53C2146F29D00A46D00 /* Assets.xcassets */; };
		A4B5D5402146F29D00A46D00 /* LaunchScreen.storyboard in Resources */ = {isa = PBXBuildFile; fileRef = A4B5D53E2146F29D00A46D00 /* LaunchScreen.storyboard */; };
		A4B5D54B2146F29D00A46D00 /* RiseTests.swift in Sources */ = {isa = PBXBuildFile; fileRef = A4B5D54A2146F29D00A46D00 /* RiseTests.swift */; };
		A4B5D5562146F29D00A46D00 /* RiseUITests.swift in Sources */ = {isa = PBXBuildFile; fileRef = A4B5D5552146F29D00A46D00 /* RiseUITests.swift */; };
		A4B5D5672146F5D100A46D00 /* GoogleService-Info.plist in Resources */ = {isa = PBXBuildFile; fileRef = A4B5D5662146F5D100A46D00 /* GoogleService-Info.plist */; };
		A4B988D4218092AF004146E9 /* AddNote.storyboard in Resources */ = {isa = PBXBuildFile; fileRef = A4B988D3218092AF004146E9 /* AddNote.storyboard */; };
		A4BED5AE2195F3DC00689B60 /* AddEmployee.storyboard in Resources */ = {isa = PBXBuildFile; fileRef = A4BED5AD2195F3DC00689B60 /* AddEmployee.storyboard */; };
		A4C5FFA62187273300AB0058 /* RiseTextField.swift in Sources */ = {isa = PBXBuildFile; fileRef = A4C5FFA52187273300AB0058 /* RiseTextField.swift */; };
		A4D2F6A1219C05B1006A3317 /* SignUpViewController.swift in Sources */ = {isa = PBXBuildFile; fileRef = A4D2F6A0219C05B1006A3317 /* SignUpViewController.swift */; };
		A4D2F6A3219C06F7006A3317 /* RegisterViewController.swift in Sources */ = {isa = PBXBuildFile; fileRef = A4D2F6A2219C06F7006A3317 /* RegisterViewController.swift */; };
		A4D2F6A5219C0779006A3317 /* ForgotPasswordViewController.swift in Sources */ = {isa = PBXBuildFile; fileRef = A4D2F6A4219C0779006A3317 /* ForgotPasswordViewController.swift */; };
		A4EF60BB214A2B9E00F1E673 /* EmployeesTableViewController.swift in Sources */ = {isa = PBXBuildFile; fileRef = A4EF60BA214A2B9E00F1E673 /* EmployeesTableViewController.swift */; };
		A4EF60BD214A351D00F1E673 /* AddEmployeeViewController.swift in Sources */ = {isa = PBXBuildFile; fileRef = A4EF60BC214A351D00F1E673 /* AddEmployeeViewController.swift */; };
		A4EF60BF214A3EA000F1E673 /* EmployeeTableViewCell.swift in Sources */ = {isa = PBXBuildFile; fileRef = A4EF60BE214A3EA000F1E673 /* EmployeeTableViewCell.swift */; };
		B5985CB51BB728E5EFB09275 /* Pods_RiseUITests.framework in Frameworks */ = {isa = PBXBuildFile; fileRef = A678A0A4F6E769512B34174E /* Pods_RiseUITests.framework */; };
		B6D3296FB7758953DCA86AC2 /* Pods_RiseTests.framework in Frameworks */ = {isa = PBXBuildFile; fileRef = F85CE07D28548356F1206BA4 /* Pods_RiseTests.framework */; };
		EB53D9EF2848D90EBDE6AE01 /* Pods_Rise.framework in Frameworks */ = {isa = PBXBuildFile; fileRef = CED05FC504DCF8BD787FC426 /* Pods_Rise.framework */; };
/* End PBXBuildFile section */

/* Begin PBXContainerItemProxy section */
		A4B5D5472146F29D00A46D00 /* PBXContainerItemProxy */ = {
			isa = PBXContainerItemProxy;
			containerPortal = A4B5D5272146F29C00A46D00 /* Project object */;
			proxyType = 1;
			remoteGlobalIDString = A4B5D52E2146F29C00A46D00;
			remoteInfo = Rise;
		};
		A4B5D5522146F29D00A46D00 /* PBXContainerItemProxy */ = {
			isa = PBXContainerItemProxy;
			containerPortal = A4B5D5272146F29C00A46D00 /* Project object */;
			proxyType = 1;
			remoteGlobalIDString = A4B5D52E2146F29C00A46D00;
			remoteInfo = Rise;
		};
/* End PBXContainerItemProxy section */

/* Begin PBXFileReference section */
		0C3CA425786DA6C9918E19FA /* Pods-RiseTests.release.xcconfig */ = {isa = PBXFileReference; includeInIndex = 1; lastKnownFileType = text.xcconfig; name = "Pods-RiseTests.release.xcconfig"; path = "Pods/Target Support Files/Pods-RiseTests/Pods-RiseTests.release.xcconfig"; sourceTree = "<group>"; };
		10FD0E848B763C94A7B07A75 /* Pods-RiseUITests.release.xcconfig */ = {isa = PBXFileReference; includeInIndex = 1; lastKnownFileType = text.xcconfig; name = "Pods-RiseUITests.release.xcconfig"; path = "Pods/Target Support Files/Pods-RiseUITests/Pods-RiseUITests.release.xcconfig"; sourceTree = "<group>"; };
		5297AE768DF273C1A3DC8353 /* Pods-RiseUITests.debug.xcconfig */ = {isa = PBXFileReference; includeInIndex = 1; lastKnownFileType = text.xcconfig; name = "Pods-RiseUITests.debug.xcconfig"; path = "Pods/Target Support Files/Pods-RiseUITests/Pods-RiseUITests.debug.xcconfig"; sourceTree = "<group>"; };
		6DEC385AB7EB032C83F223F5 /* Pods-Rise.release.xcconfig */ = {isa = PBXFileReference; includeInIndex = 1; lastKnownFileType = text.xcconfig; name = "Pods-Rise.release.xcconfig"; path = "Pods/Target Support Files/Pods-Rise/Pods-Rise.release.xcconfig"; sourceTree = "<group>"; };
		79E9A1CE4355A7CB591AB86E /* Pods-Rise.debug.xcconfig */ = {isa = PBXFileReference; includeInIndex = 1; lastKnownFileType = text.xcconfig; name = "Pods-Rise.debug.xcconfig"; path = "Pods/Target Support Files/Pods-Rise/Pods-Rise.debug.xcconfig"; sourceTree = "<group>"; };
		A4001F1B218C56AB007EBC6E /* RiseTextView.swift */ = {isa = PBXFileReference; lastKnownFileType = sourcecode.swift; path = RiseTextView.swift; sourceTree = "<group>"; };
		A40F3433214B856600FA0FAA /* EmployeeDetailsViewController.swift */ = {isa = PBXFileReference; lastKnownFileType = sourcecode.swift; path = EmployeeDetailsViewController.swift; sourceTree = "<group>"; };
		A40F3435214B94E300FA0FAA /* AddNoteViewController.swift */ = {isa = PBXFileReference; lastKnownFileType = sourcecode.swift; path = AddNoteViewController.swift; sourceTree = "<group>"; };
		A40F3437214B9CA100FA0FAA /* NoteTableViewCell.swift */ = {isa = PBXFileReference; lastKnownFileType = sourcecode.swift; path = NoteTableViewCell.swift; sourceTree = "<group>"; };
		A450B1A7219050C200DEA005 /* RisePrimaryUIButton.swift */ = {isa = PBXFileReference; lastKnownFileType = sourcecode.swift; path = RisePrimaryUIButton.swift; sourceTree = "<group>"; };
		A450B1A92190573500DEA005 /* RiseSecondaryUIButton.swift */ = {isa = PBXFileReference; lastKnownFileType = sourcecode.swift; path = RiseSecondaryUIButton.swift; sourceTree = "<group>"; };
		A450B1AB21905B8100DEA005 /* LoginViewController.swift */ = {isa = PBXFileReference; lastKnownFileType = sourcecode.swift; path = LoginViewController.swift; sourceTree = "<group>"; };
		A46EDF50218343D700C37CD6 /* SettingsViewController.swift */ = {isa = PBXFileReference; lastKnownFileType = sourcecode.swift; path = SettingsViewController.swift; sourceTree = "<group>"; };
		A46EDF52218343F100C37CD6 /* Settings.storyboard */ = {isa = PBXFileReference; fileEncoding = 4; lastKnownFileType = file.storyboard; path = Settings.storyboard; sourceTree = "<group>"; };
		A46EDF5421834BE900C37CD6 /* Defaults.swift */ = {isa = PBXFileReference; lastKnownFileType = sourcecode.swift; path = Defaults.swift; sourceTree = "<group>"; };
		A4B56EC7214DDC5400D74FE5 /* Utility.swift */ = {isa = PBXFileReference; lastKnownFileType = sourcecode.swift; path = Utility.swift; sourceTree = "<group>"; };
		A4B5D52F2146F29C00A46D00 /* Rise.app */ = {isa = PBXFileReference; explicitFileType = wrapper.application; includeInIndex = 0; path = Rise.app; sourceTree = BUILT_PRODUCTS_DIR; };
		A4B5D5322146F29C00A46D00 /* AppDelegate.swift */ = {isa = PBXFileReference; lastKnownFileType = sourcecode.swift; path = AppDelegate.swift; sourceTree = "<group>"; };
		A4B5D5372146F29C00A46D00 /* Base */ = {isa = PBXFileReference; lastKnownFileType = file.storyboard; name = Base; path = Base.lproj/Main.storyboard; sourceTree = "<group>"; };
		A4B5D53A2146F29C00A46D00 /* Rise.xcdatamodel */ = {isa = PBXFileReference; lastKnownFileType = wrapper.xcdatamodel; path = Rise.xcdatamodel; sourceTree = "<group>"; };
		A4B5D53C2146F29D00A46D00 /* Assets.xcassets */ = {isa = PBXFileReference; lastKnownFileType = folder.assetcatalog; path = Assets.xcassets; sourceTree = "<group>"; };
		A4B5D53F2146F29D00A46D00 /* Base */ = {isa = PBXFileReference; lastKnownFileType = file.storyboard; name = Base; path = Base.lproj/LaunchScreen.storyboard; sourceTree = "<group>"; };
		A4B5D5412146F29D00A46D00 /* Info.plist */ = {isa = PBXFileReference; lastKnownFileType = text.plist.xml; path = Info.plist; sourceTree = "<group>"; };
		A4B5D5462146F29D00A46D00 /* RiseTests.xctest */ = {isa = PBXFileReference; explicitFileType = wrapper.cfbundle; includeInIndex = 0; path = RiseTests.xctest; sourceTree = BUILT_PRODUCTS_DIR; };
		A4B5D54A2146F29D00A46D00 /* RiseTests.swift */ = {isa = PBXFileReference; lastKnownFileType = sourcecode.swift; path = RiseTests.swift; sourceTree = "<group>"; };
		A4B5D54C2146F29D00A46D00 /* Info.plist */ = {isa = PBXFileReference; lastKnownFileType = text.plist.xml; path = Info.plist; sourceTree = "<group>"; };
		A4B5D5512146F29D00A46D00 /* RiseUITests.xctest */ = {isa = PBXFileReference; explicitFileType = wrapper.cfbundle; includeInIndex = 0; path = RiseUITests.xctest; sourceTree = BUILT_PRODUCTS_DIR; };
		A4B5D5552146F29D00A46D00 /* RiseUITests.swift */ = {isa = PBXFileReference; lastKnownFileType = sourcecode.swift; path = RiseUITests.swift; sourceTree = "<group>"; };
		A4B5D5572146F29D00A46D00 /* Info.plist */ = {isa = PBXFileReference; lastKnownFileType = text.plist.xml; path = Info.plist; sourceTree = "<group>"; };
		A4B5D5662146F5D100A46D00 /* GoogleService-Info.plist */ = {isa = PBXFileReference; fileEncoding = 4; lastKnownFileType = text.plist.xml; path = "GoogleService-Info.plist"; sourceTree = "<group>"; };
		A4B988D3218092AF004146E9 /* AddNote.storyboard */ = {isa = PBXFileReference; fileEncoding = 4; lastKnownFileType = file.storyboard; path = AddNote.storyboard; sourceTree = "<group>"; };
		A4BED5AD2195F3DC00689B60 /* AddEmployee.storyboard */ = {isa = PBXFileReference; lastKnownFileType = file.storyboard; path = AddEmployee.storyboard; sourceTree = "<group>"; };
		A4C5FFA52187273300AB0058 /* RiseTextField.swift */ = {isa = PBXFileReference; lastKnownFileType = sourcecode.swift; path = RiseTextField.swift; sourceTree = "<group>"; };
		A4D2F6A0219C05B1006A3317 /* SignUpViewController.swift */ = {isa = PBXFileReference; lastKnownFileType = sourcecode.swift; path = SignUpViewController.swift; sourceTree = "<group>"; };
		A4D2F6A2219C06F7006A3317 /* RegisterViewController.swift */ = {isa = PBXFileReference; lastKnownFileType = sourcecode.swift; path = RegisterViewController.swift; sourceTree = "<group>"; };
		A4D2F6A4219C0779006A3317 /* ForgotPasswordViewController.swift */ = {isa = PBXFileReference; lastKnownFileType = sourcecode.swift; path = ForgotPasswordViewController.swift; sourceTree = "<group>"; };
		A4EF60BA214A2B9E00F1E673 /* EmployeesTableViewController.swift */ = {isa = PBXFileReference; lastKnownFileType = sourcecode.swift; path = EmployeesTableViewController.swift; sourceTree = "<group>"; };
		A4EF60BC214A351D00F1E673 /* AddEmployeeViewController.swift */ = {isa = PBXFileReference; lastKnownFileType = sourcecode.swift; path = AddEmployeeViewController.swift; sourceTree = "<group>"; };
		A4EF60BE214A3EA000F1E673 /* EmployeeTableViewCell.swift */ = {isa = PBXFileReference; lastKnownFileType = sourcecode.swift; path = EmployeeTableViewCell.swift; sourceTree = "<group>"; };
		A678A0A4F6E769512B34174E /* Pods_RiseUITests.framework */ = {isa = PBXFileReference; explicitFileType = wrapper.framework; includeInIndex = 0; path = Pods_RiseUITests.framework; sourceTree = BUILT_PRODUCTS_DIR; };
		CED05FC504DCF8BD787FC426 /* Pods_Rise.framework */ = {isa = PBXFileReference; explicitFileType = wrapper.framework; includeInIndex = 0; path = Pods_Rise.framework; sourceTree = BUILT_PRODUCTS_DIR; };
		E177B0125CCB827DD98B301A /* Pods-RiseTests.debug.xcconfig */ = {isa = PBXFileReference; includeInIndex = 1; lastKnownFileType = text.xcconfig; name = "Pods-RiseTests.debug.xcconfig"; path = "Pods/Target Support Files/Pods-RiseTests/Pods-RiseTests.debug.xcconfig"; sourceTree = "<group>"; };
		F85CE07D28548356F1206BA4 /* Pods_RiseTests.framework */ = {isa = PBXFileReference; explicitFileType = wrapper.framework; includeInIndex = 0; path = Pods_RiseTests.framework; sourceTree = BUILT_PRODUCTS_DIR; };
/* End PBXFileReference section */

/* Begin PBXFrameworksBuildPhase section */
		A4B5D52C2146F29C00A46D00 /* Frameworks */ = {
			isa = PBXFrameworksBuildPhase;
			buildActionMask = 2147483647;
			files = (
				EB53D9EF2848D90EBDE6AE01 /* Pods_Rise.framework in Frameworks */,
			);
			runOnlyForDeploymentPostprocessing = 0;
		};
		A4B5D5432146F29D00A46D00 /* Frameworks */ = {
			isa = PBXFrameworksBuildPhase;
			buildActionMask = 2147483647;
			files = (
				B6D3296FB7758953DCA86AC2 /* Pods_RiseTests.framework in Frameworks */,
			);
			runOnlyForDeploymentPostprocessing = 0;
		};
		A4B5D54E2146F29D00A46D00 /* Frameworks */ = {
			isa = PBXFrameworksBuildPhase;
			buildActionMask = 2147483647;
			files = (
				B5985CB51BB728E5EFB09275 /* Pods_RiseUITests.framework in Frameworks */,
			);
			runOnlyForDeploymentPostprocessing = 0;
		};
/* End PBXFrameworksBuildPhase section */

/* Begin PBXGroup section */
		A41916242146FA29002D6CCC /* Controllers */ = {
			isa = PBXGroup;
			children = (
				A450B1AB21905B8100DEA005 /* LoginViewController.swift */,
				A4EF60BA214A2B9E00F1E673 /* EmployeesTableViewController.swift */,
				A4EF60BC214A351D00F1E673 /* AddEmployeeViewController.swift */,
				A40F3433214B856600FA0FAA /* EmployeeDetailsViewController.swift */,
				A40F3435214B94E300FA0FAA /* AddNoteViewController.swift */,
				A46EDF50218343D700C37CD6 /* SettingsViewController.swift */,
				A4D2F6A0219C05B1006A3317 /* SignUpViewController.swift */,
				A4D2F6A2219C06F7006A3317 /* RegisterViewController.swift */,
				A4D2F6A4219C0779006A3317 /* ForgotPasswordViewController.swift */,
			);
			path = Controllers;
			sourceTree = "<group>";
		};
		A41916252146FA2F002D6CCC /* Views */ = {
			isa = PBXGroup;
			children = (
				A4EF60BE214A3EA000F1E673 /* EmployeeTableViewCell.swift */,
				A40F3437214B9CA100FA0FAA /* NoteTableViewCell.swift */,
				A4C5FFA52187273300AB0058 /* RiseTextField.swift */,
				A4001F1B218C56AB007EBC6E /* RiseTextView.swift */,
				A450B1A7219050C200DEA005 /* RisePrimaryUIButton.swift */,
				A450B1A92190573500DEA005 /* RiseSecondaryUIButton.swift */,
			);
			path = Views;
			sourceTree = "<group>";
		};
		A41916262146FA36002D6CCC /* Models */ = {
			isa = PBXGroup;
			children = (
				A46EDF5421834BE900C37CD6 /* Defaults.swift */,
			);
			path = Models;
			sourceTree = "<group>";
		};
		A4B56EC6214DDC3800D74FE5 /* Helper */ = {
			isa = PBXGroup;
			children = (
				A4B56EC7214DDC5400D74FE5 /* Utility.swift */,
			);
			path = Helper;
			sourceTree = "<group>";
		};
		A4B5D5262146F29C00A46D00 = {
			isa = PBXGroup;
			children = (
				A4B5D5312146F29C00A46D00 /* Rise */,
				A4B5D5492146F29D00A46D00 /* RiseTests */,
				A4B5D5542146F29D00A46D00 /* RiseUITests */,
				A4B5D5302146F29C00A46D00 /* Products */,
				DB12F2AE260722F3BA628B9B /* Pods */,
				FEE19C8C1E0B2FA50ACA7E16 /* Frameworks */,
			);
			sourceTree = "<group>";
		};
		A4B5D5302146F29C00A46D00 /* Products */ = {
			isa = PBXGroup;
			children = (
				A4B5D52F2146F29C00A46D00 /* Rise.app */,
				A4B5D5462146F29D00A46D00 /* RiseTests.xctest */,
				A4B5D5512146F29D00A46D00 /* RiseUITests.xctest */,
			);
			name = Products;
			sourceTree = "<group>";
		};
		A4B5D5312146F29C00A46D00 /* Rise */ = {
			isa = PBXGroup;
			children = (
				A4B56EC6214DDC3800D74FE5 /* Helper */,
				A41916262146FA36002D6CCC /* Models */,
				A41916252146FA2F002D6CCC /* Views */,
				A41916242146FA29002D6CCC /* Controllers */,
				A4B5D5632146F32100A46D00 /* Storyboards */,
				A4B5D5322146F29C00A46D00 /* AppDelegate.swift */,
				A4B5D53C2146F29D00A46D00 /* Assets.xcassets */,
				A4B5D5412146F29D00A46D00 /* Info.plist */,
				A4B5D5662146F5D100A46D00 /* GoogleService-Info.plist */,
				A4B5D5392146F29C00A46D00 /* Rise.xcdatamodeld */,
			);
			path = Rise;
			sourceTree = "<group>";
		};
		A4B5D5492146F29D00A46D00 /* RiseTests */ = {
			isa = PBXGroup;
			children = (
				A4B5D54A2146F29D00A46D00 /* RiseTests.swift */,
				A4B5D54C2146F29D00A46D00 /* Info.plist */,
			);
			path = RiseTests;
			sourceTree = "<group>";
		};
		A4B5D5542146F29D00A46D00 /* RiseUITests */ = {
			isa = PBXGroup;
			children = (
				A4B5D5552146F29D00A46D00 /* RiseUITests.swift */,
				A4B5D5572146F29D00A46D00 /* Info.plist */,
			);
			path = RiseUITests;
			sourceTree = "<group>";
		};
		A4B5D5632146F32100A46D00 /* Storyboards */ = {
			isa = PBXGroup;
			children = (
				A46EDF52218343F100C37CD6 /* Settings.storyboard */,
				A4B988D3218092AF004146E9 /* AddNote.storyboard */,
				A4B5D53E2146F29D00A46D00 /* LaunchScreen.storyboard */,
				A4B5D5362146F29C00A46D00 /* Main.storyboard */,
				A4BED5AD2195F3DC00689B60 /* AddEmployee.storyboard */,
			);
			path = Storyboards;
			sourceTree = "<group>";
		};
		DB12F2AE260722F3BA628B9B /* Pods */ = {
			isa = PBXGroup;
			children = (
				79E9A1CE4355A7CB591AB86E /* Pods-Rise.debug.xcconfig */,
				6DEC385AB7EB032C83F223F5 /* Pods-Rise.release.xcconfig */,
				E177B0125CCB827DD98B301A /* Pods-RiseTests.debug.xcconfig */,
				0C3CA425786DA6C9918E19FA /* Pods-RiseTests.release.xcconfig */,
				5297AE768DF273C1A3DC8353 /* Pods-RiseUITests.debug.xcconfig */,
				10FD0E848B763C94A7B07A75 /* Pods-RiseUITests.release.xcconfig */,
			);
			name = Pods;
			sourceTree = "<group>";
		};
		FEE19C8C1E0B2FA50ACA7E16 /* Frameworks */ = {
			isa = PBXGroup;
			children = (
				CED05FC504DCF8BD787FC426 /* Pods_Rise.framework */,
				F85CE07D28548356F1206BA4 /* Pods_RiseTests.framework */,
				A678A0A4F6E769512B34174E /* Pods_RiseUITests.framework */,
			);
			name = Frameworks;
			sourceTree = "<group>";
		};
/* End PBXGroup section */

/* Begin PBXNativeTarget section */
		A4B5D52E2146F29C00A46D00 /* Rise */ = {
			isa = PBXNativeTarget;
			buildConfigurationList = A4B5D55A2146F29D00A46D00 /* Build configuration list for PBXNativeTarget "Rise" */;
			buildPhases = (
				7DC0363C1C4E42789064AE0F /* [CP] Check Pods Manifest.lock */,
				A4B5D52B2146F29C00A46D00 /* Sources */,
				A4B5D52C2146F29C00A46D00 /* Frameworks */,
				A4B5D52D2146F29C00A46D00 /* Resources */,
				E3BCE66FF3D435C7ADF34BF1 /* [CP] Embed Pods Frameworks */,
			);
			buildRules = (
			);
			dependencies = (
			);
			name = Rise;
			productName = Rise;
			productReference = A4B5D52F2146F29C00A46D00 /* Rise.app */;
			productType = "com.apple.product-type.application";
		};
		A4B5D5452146F29D00A46D00 /* RiseTests */ = {
			isa = PBXNativeTarget;
			buildConfigurationList = A4B5D55D2146F29D00A46D00 /* Build configuration list for PBXNativeTarget "RiseTests" */;
			buildPhases = (
				9B90B10BA99ECC3187A00EA3 /* [CP] Check Pods Manifest.lock */,
				A4B5D5422146F29D00A46D00 /* Sources */,
				A4B5D5432146F29D00A46D00 /* Frameworks */,
				A4B5D5442146F29D00A46D00 /* Resources */,
			);
			buildRules = (
			);
			dependencies = (
				A4B5D5482146F29D00A46D00 /* PBXTargetDependency */,
			);
			name = RiseTests;
			productName = RiseTests;
			productReference = A4B5D5462146F29D00A46D00 /* RiseTests.xctest */;
			productType = "com.apple.product-type.bundle.unit-test";
		};
		A4B5D5502146F29D00A46D00 /* RiseUITests */ = {
			isa = PBXNativeTarget;
			buildConfigurationList = A4B5D5602146F29D00A46D00 /* Build configuration list for PBXNativeTarget "RiseUITests" */;
			buildPhases = (
				775CEA583524B070BDBDDE7F /* [CP] Check Pods Manifest.lock */,
				A4B5D54D2146F29D00A46D00 /* Sources */,
				A4B5D54E2146F29D00A46D00 /* Frameworks */,
				A4B5D54F2146F29D00A46D00 /* Resources */,
			);
			buildRules = (
			);
			dependencies = (
				A4B5D5532146F29D00A46D00 /* PBXTargetDependency */,
			);
			name = RiseUITests;
			productName = RiseUITests;
			productReference = A4B5D5512146F29D00A46D00 /* RiseUITests.xctest */;
			productType = "com.apple.product-type.bundle.ui-testing";
		};
/* End PBXNativeTarget section */

/* Begin PBXProject section */
		A4B5D5272146F29C00A46D00 /* Project object */ = {
			isa = PBXProject;
			attributes = {
				LastSwiftUpdateCheck = 0940;
				LastUpgradeCheck = 0940;
				ORGANIZATIONNAME = "Domonique Dixon";
				TargetAttributes = {
					A4B5D52E2146F29C00A46D00 = {
						CreatedOnToolsVersion = 9.4.1;
						LastSwiftMigration = 1000;
					};
					A4B5D5452146F29D00A46D00 = {
						CreatedOnToolsVersion = 9.4.1;
						LastSwiftMigration = 1000;
						TestTargetID = A4B5D52E2146F29C00A46D00;
					};
					A4B5D5502146F29D00A46D00 = {
						CreatedOnToolsVersion = 9.4.1;
						LastSwiftMigration = 1000;
						TestTargetID = A4B5D52E2146F29C00A46D00;
					};
				};
			};
			buildConfigurationList = A4B5D52A2146F29C00A46D00 /* Build configuration list for PBXProject "Rise" */;
			compatibilityVersion = "Xcode 9.3";
			developmentRegion = en;
			hasScannedForEncodings = 0;
			knownRegions = (
				en,
				Base,
			);
			mainGroup = A4B5D5262146F29C00A46D00;
			productRefGroup = A4B5D5302146F29C00A46D00 /* Products */;
			projectDirPath = "";
			projectRoot = "";
			targets = (
				A4B5D52E2146F29C00A46D00 /* Rise */,
				A4B5D5452146F29D00A46D00 /* RiseTests */,
				A4B5D5502146F29D00A46D00 /* RiseUITests */,
			);
		};
/* End PBXProject section */

/* Begin PBXResourcesBuildPhase section */
		A4B5D52D2146F29C00A46D00 /* Resources */ = {
			isa = PBXResourcesBuildPhase;
			buildActionMask = 2147483647;
			files = (
				A4B988D4218092AF004146E9 /* AddNote.storyboard in Resources */,
				A4B5D5402146F29D00A46D00 /* LaunchScreen.storyboard in Resources */,
				A46EDF53218343F100C37CD6 /* Settings.storyboard in Resources */,
				A4B5D5672146F5D100A46D00 /* GoogleService-Info.plist in Resources */,
				A4BED5AE2195F3DC00689B60 /* AddEmployee.storyboard in Resources */,
				A4B5D53D2146F29D00A46D00 /* Assets.xcassets in Resources */,
				A4B5D5382146F29C00A46D00 /* Main.storyboard in Resources */,
			);
			runOnlyForDeploymentPostprocessing = 0;
		};
		A4B5D5442146F29D00A46D00 /* Resources */ = {
			isa = PBXResourcesBuildPhase;
			buildActionMask = 2147483647;
			files = (
			);
			runOnlyForDeploymentPostprocessing = 0;
		};
		A4B5D54F2146F29D00A46D00 /* Resources */ = {
			isa = PBXResourcesBuildPhase;
			buildActionMask = 2147483647;
			files = (
			);
			runOnlyForDeploymentPostprocessing = 0;
		};
/* End PBXResourcesBuildPhase section */

/* Begin PBXShellScriptBuildPhase section */
		775CEA583524B070BDBDDE7F /* [CP] Check Pods Manifest.lock */ = {
			isa = PBXShellScriptBuildPhase;
			buildActionMask = 2147483647;
			files = (
			);
			inputPaths = (
				"${PODS_PODFILE_DIR_PATH}/Podfile.lock",
				"${PODS_ROOT}/Manifest.lock",
			);
			name = "[CP] Check Pods Manifest.lock";
			outputPaths = (
				"$(DERIVED_FILE_DIR)/Pods-RiseUITests-checkManifestLockResult.txt",
			);
			runOnlyForDeploymentPostprocessing = 0;
			shellPath = /bin/sh;
			shellScript = "diff \"${PODS_PODFILE_DIR_PATH}/Podfile.lock\" \"${PODS_ROOT}/Manifest.lock\" > /dev/null\nif [ $? != 0 ] ; then\n    # print error to STDERR\n    echo \"error: The sandbox is not in sync with the Podfile.lock. Run 'pod install' or update your CocoaPods installation.\" >&2\n    exit 1\nfi\n# This output is used by Xcode 'outputs' to avoid re-running this script phase.\necho \"SUCCESS\" > \"${SCRIPT_OUTPUT_FILE_0}\"\n";
			showEnvVarsInLog = 0;
		};
		7DC0363C1C4E42789064AE0F /* [CP] Check Pods Manifest.lock */ = {
			isa = PBXShellScriptBuildPhase;
			buildActionMask = 2147483647;
			files = (
			);
			inputPaths = (
				"${PODS_PODFILE_DIR_PATH}/Podfile.lock",
				"${PODS_ROOT}/Manifest.lock",
			);
			name = "[CP] Check Pods Manifest.lock";
			outputPaths = (
				"$(DERIVED_FILE_DIR)/Pods-Rise-checkManifestLockResult.txt",
			);
			runOnlyForDeploymentPostprocessing = 0;
			shellPath = /bin/sh;
			shellScript = "diff \"${PODS_PODFILE_DIR_PATH}/Podfile.lock\" \"${PODS_ROOT}/Manifest.lock\" > /dev/null\nif [ $? != 0 ] ; then\n    # print error to STDERR\n    echo \"error: The sandbox is not in sync with the Podfile.lock. Run 'pod install' or update your CocoaPods installation.\" >&2\n    exit 1\nfi\n# This output is used by Xcode 'outputs' to avoid re-running this script phase.\necho \"SUCCESS\" > \"${SCRIPT_OUTPUT_FILE_0}\"\n";
			showEnvVarsInLog = 0;
		};
		9B90B10BA99ECC3187A00EA3 /* [CP] Check Pods Manifest.lock */ = {
			isa = PBXShellScriptBuildPhase;
			buildActionMask = 2147483647;
			files = (
			);
			inputPaths = (
				"${PODS_PODFILE_DIR_PATH}/Podfile.lock",
				"${PODS_ROOT}/Manifest.lock",
			);
			name = "[CP] Check Pods Manifest.lock";
			outputPaths = (
				"$(DERIVED_FILE_DIR)/Pods-RiseTests-checkManifestLockResult.txt",
			);
			runOnlyForDeploymentPostprocessing = 0;
			shellPath = /bin/sh;
			shellScript = "diff \"${PODS_PODFILE_DIR_PATH}/Podfile.lock\" \"${PODS_ROOT}/Manifest.lock\" > /dev/null\nif [ $? != 0 ] ; then\n    # print error to STDERR\n    echo \"error: The sandbox is not in sync with the Podfile.lock. Run 'pod install' or update your CocoaPods installation.\" >&2\n    exit 1\nfi\n# This output is used by Xcode 'outputs' to avoid re-running this script phase.\necho \"SUCCESS\" > \"${SCRIPT_OUTPUT_FILE_0}\"\n";
			showEnvVarsInLog = 0;
		};
		E3BCE66FF3D435C7ADF34BF1 /* [CP] Embed Pods Frameworks */ = {
			isa = PBXShellScriptBuildPhase;
			buildActionMask = 2147483647;
			files = (
			);
			inputPaths = (
				"${SRCROOT}/Pods/Target Support Files/Pods-Rise/Pods-Rise-frameworks.sh",
				"${BUILT_PRODUCTS_DIR}/ChameleonFramework/ChameleonFramework.framework",
				"${BUILT_PRODUCTS_DIR}/Eureka/Eureka.framework",
				"${BUILT_PRODUCTS_DIR}/GTMSessionFetcher/GTMSessionFetcher.framework",
				"${BUILT_PRODUCTS_DIR}/GoogleToolboxForMac/GoogleToolboxForMac.framework",
				"${BUILT_PRODUCTS_DIR}/SVProgressHUD/SVProgressHUD.framework",
				"${BUILT_PRODUCTS_DIR}/nanopb/nanopb.framework",
			);
			name = "[CP] Embed Pods Frameworks";
			outputPaths = (
				"${TARGET_BUILD_DIR}/${FRAMEWORKS_FOLDER_PATH}/ChameleonFramework.framework",
				"${TARGET_BUILD_DIR}/${FRAMEWORKS_FOLDER_PATH}/Eureka.framework",
				"${TARGET_BUILD_DIR}/${FRAMEWORKS_FOLDER_PATH}/GTMSessionFetcher.framework",
				"${TARGET_BUILD_DIR}/${FRAMEWORKS_FOLDER_PATH}/GoogleToolboxForMac.framework",
				"${TARGET_BUILD_DIR}/${FRAMEWORKS_FOLDER_PATH}/SVProgressHUD.framework",
				"${TARGET_BUILD_DIR}/${FRAMEWORKS_FOLDER_PATH}/nanopb.framework",
			);
			runOnlyForDeploymentPostprocessing = 0;
			shellPath = /bin/sh;
			shellScript = "\"${SRCROOT}/Pods/Target Support Files/Pods-Rise/Pods-Rise-frameworks.sh\"\n";
			showEnvVarsInLog = 0;
		};
/* End PBXShellScriptBuildPhase section */

/* Begin PBXSourcesBuildPhase section */
		A4B5D52B2146F29C00A46D00 /* Sources */ = {
			isa = PBXSourcesBuildPhase;
			buildActionMask = 2147483647;
			files = (
				A40F3436214B94E300FA0FAA /* AddNoteViewController.swift in Sources */,
				A450B1A8219050C200DEA005 /* RisePrimaryUIButton.swift in Sources */,
				A4B5D53B2146F29C00A46D00 /* Rise.xcdatamodeld in Sources */,
				A4B56EC8214DDC5400D74FE5 /* Utility.swift in Sources */,
				A46EDF51218343D700C37CD6 /* SettingsViewController.swift in Sources */,
				A4D2F6A1219C05B1006A3317 /* SignUpViewController.swift in Sources */,
				A450B1AA2190573500DEA005 /* RiseSecondaryUIButton.swift in Sources */,
				A4D2F6A5219C0779006A3317 /* ForgotPasswordViewController.swift in Sources */,
				A4B5D5332146F29C00A46D00 /* AppDelegate.swift in Sources */,
				A40F3438214B9CA100FA0FAA /* NoteTableViewCell.swift in Sources */,
				A4D2F6A3219C06F7006A3317 /* RegisterViewController.swift in Sources */,
				A4001F1C218C56AB007EBC6E /* RiseTextView.swift in Sources */,
				A4C5FFA62187273300AB0058 /* RiseTextField.swift in Sources */,
				A4EF60BD214A351D00F1E673 /* AddEmployeeViewController.swift in Sources */,
				A40F3434214B856600FA0FAA /* EmployeeDetailsViewController.swift in Sources */,
				A450B1AC21905B8100DEA005 /* LoginViewController.swift in Sources */,
				A4EF60BF214A3EA000F1E673 /* EmployeeTableViewCell.swift in Sources */,
				A4EF60BB214A2B9E00F1E673 /* EmployeesTableViewController.swift in Sources */,
				A46EDF5521834BE900C37CD6 /* Defaults.swift in Sources */,
			);
			runOnlyForDeploymentPostprocessing = 0;
		};
		A4B5D5422146F29D00A46D00 /* Sources */ = {
			isa = PBXSourcesBuildPhase;
			buildActionMask = 2147483647;
			files = (
				A4B5D54B2146F29D00A46D00 /* RiseTests.swift in Sources */,
			);
			runOnlyForDeploymentPostprocessing = 0;
		};
		A4B5D54D2146F29D00A46D00 /* Sources */ = {
			isa = PBXSourcesBuildPhase;
			buildActionMask = 2147483647;
			files = (
				A4B5D5562146F29D00A46D00 /* RiseUITests.swift in Sources */,
			);
			runOnlyForDeploymentPostprocessing = 0;
		};
/* End PBXSourcesBuildPhase section */

/* Begin PBXTargetDependency section */
		A4B5D5482146F29D00A46D00 /* PBXTargetDependency */ = {
			isa = PBXTargetDependency;
			target = A4B5D52E2146F29C00A46D00 /* Rise */;
			targetProxy = A4B5D5472146F29D00A46D00 /* PBXContainerItemProxy */;
		};
		A4B5D5532146F29D00A46D00 /* PBXTargetDependency */ = {
			isa = PBXTargetDependency;
			target = A4B5D52E2146F29C00A46D00 /* Rise */;
			targetProxy = A4B5D5522146F29D00A46D00 /* PBXContainerItemProxy */;
		};
/* End PBXTargetDependency section */

/* Begin PBXVariantGroup section */
		A4B5D5362146F29C00A46D00 /* Main.storyboard */ = {
			isa = PBXVariantGroup;
			children = (
				A4B5D5372146F29C00A46D00 /* Base */,
			);
			name = Main.storyboard;
			sourceTree = "<group>";
		};
		A4B5D53E2146F29D00A46D00 /* LaunchScreen.storyboard */ = {
			isa = PBXVariantGroup;
			children = (
				A4B5D53F2146F29D00A46D00 /* Base */,
			);
			name = LaunchScreen.storyboard;
			sourceTree = "<group>";
		};
/* End PBXVariantGroup section */

/* Begin XCBuildConfiguration section */
		A4B5D5582146F29D00A46D00 /* Debug */ = {
			isa = XCBuildConfiguration;
			buildSettings = {
				ALWAYS_SEARCH_USER_PATHS = NO;
				CLANG_ANALYZER_NONNULL = YES;
				CLANG_ANALYZER_NUMBER_OBJECT_CONVERSION = YES_AGGRESSIVE;
				CLANG_CXX_LANGUAGE_STANDARD = "gnu++14";
				CLANG_CXX_LIBRARY = "libc++";
				CLANG_ENABLE_MODULES = YES;
				CLANG_ENABLE_OBJC_ARC = YES;
				CLANG_ENABLE_OBJC_WEAK = YES;
				CLANG_WARN_BLOCK_CAPTURE_AUTORELEASING = YES;
				CLANG_WARN_BOOL_CONVERSION = YES;
				CLANG_WARN_COMMA = YES;
				CLANG_WARN_CONSTANT_CONVERSION = YES;
				CLANG_WARN_DEPRECATED_OBJC_IMPLEMENTATIONS = YES;
				CLANG_WARN_DIRECT_OBJC_ISA_USAGE = YES_ERROR;
				CLANG_WARN_DOCUMENTATION_COMMENTS = YES;
				CLANG_WARN_EMPTY_BODY = YES;
				CLANG_WARN_ENUM_CONVERSION = YES;
				CLANG_WARN_INFINITE_RECURSION = YES;
				CLANG_WARN_INT_CONVERSION = YES;
				CLANG_WARN_NON_LITERAL_NULL_CONVERSION = YES;
				CLANG_WARN_OBJC_IMPLICIT_RETAIN_SELF = YES;
				CLANG_WARN_OBJC_LITERAL_CONVERSION = YES;
				CLANG_WARN_OBJC_ROOT_CLASS = YES_ERROR;
				CLANG_WARN_RANGE_LOOP_ANALYSIS = YES;
				CLANG_WARN_STRICT_PROTOTYPES = YES;
				CLANG_WARN_SUSPICIOUS_MOVE = YES;
				CLANG_WARN_UNGUARDED_AVAILABILITY = YES_AGGRESSIVE;
				CLANG_WARN_UNREACHABLE_CODE = YES;
				CLANG_WARN__DUPLICATE_METHOD_MATCH = YES;
				CODE_SIGN_IDENTITY = "iPhone Developer";
				COPY_PHASE_STRIP = NO;
				DEBUG_INFORMATION_FORMAT = dwarf;
				ENABLE_STRICT_OBJC_MSGSEND = YES;
				ENABLE_TESTABILITY = YES;
				GCC_C_LANGUAGE_STANDARD = gnu11;
				GCC_DYNAMIC_NO_PIC = NO;
				GCC_NO_COMMON_BLOCKS = YES;
				GCC_OPTIMIZATION_LEVEL = 0;
				GCC_PREPROCESSOR_DEFINITIONS = (
					"DEBUG=1",
					"$(inherited)",
				);
				GCC_WARN_64_TO_32_BIT_CONVERSION = YES;
				GCC_WARN_ABOUT_RETURN_TYPE = YES_ERROR;
				GCC_WARN_UNDECLARED_SELECTOR = YES;
				GCC_WARN_UNINITIALIZED_AUTOS = YES_AGGRESSIVE;
				GCC_WARN_UNUSED_FUNCTION = YES;
				GCC_WARN_UNUSED_VARIABLE = YES;
				IPHONEOS_DEPLOYMENT_TARGET = 11.4;
				MTL_ENABLE_DEBUG_INFO = YES;
				ONLY_ACTIVE_ARCH = YES;
				SDKROOT = iphoneos;
				SWIFT_ACTIVE_COMPILATION_CONDITIONS = DEBUG;
				SWIFT_OPTIMIZATION_LEVEL = "-Onone";
			};
			name = Debug;
		};
		A4B5D5592146F29D00A46D00 /* Release */ = {
			isa = XCBuildConfiguration;
			buildSettings = {
				ALWAYS_SEARCH_USER_PATHS = NO;
				CLANG_ANALYZER_NONNULL = YES;
				CLANG_ANALYZER_NUMBER_OBJECT_CONVERSION = YES_AGGRESSIVE;
				CLANG_CXX_LANGUAGE_STANDARD = "gnu++14";
				CLANG_CXX_LIBRARY = "libc++";
				CLANG_ENABLE_MODULES = YES;
				CLANG_ENABLE_OBJC_ARC = YES;
				CLANG_ENABLE_OBJC_WEAK = YES;
				CLANG_WARN_BLOCK_CAPTURE_AUTORELEASING = YES;
				CLANG_WARN_BOOL_CONVERSION = YES;
				CLANG_WARN_COMMA = YES;
				CLANG_WARN_CONSTANT_CONVERSION = YES;
				CLANG_WARN_DEPRECATED_OBJC_IMPLEMENTATIONS = YES;
				CLANG_WARN_DIRECT_OBJC_ISA_USAGE = YES_ERROR;
				CLANG_WARN_DOCUMENTATION_COMMENTS = YES;
				CLANG_WARN_EMPTY_BODY = YES;
				CLANG_WARN_ENUM_CONVERSION = YES;
				CLANG_WARN_INFINITE_RECURSION = YES;
				CLANG_WARN_INT_CONVERSION = YES;
				CLANG_WARN_NON_LITERAL_NULL_CONVERSION = YES;
				CLANG_WARN_OBJC_IMPLICIT_RETAIN_SELF = YES;
				CLANG_WARN_OBJC_LITERAL_CONVERSION = YES;
				CLANG_WARN_OBJC_ROOT_CLASS = YES_ERROR;
				CLANG_WARN_RANGE_LOOP_ANALYSIS = YES;
				CLANG_WARN_STRICT_PROTOTYPES = YES;
				CLANG_WARN_SUSPICIOUS_MOVE = YES;
				CLANG_WARN_UNGUARDED_AVAILABILITY = YES_AGGRESSIVE;
				CLANG_WARN_UNREACHABLE_CODE = YES;
				CLANG_WARN__DUPLICATE_METHOD_MATCH = YES;
				CODE_SIGN_IDENTITY = "iPhone Developer";
				COPY_PHASE_STRIP = NO;
				DEBUG_INFORMATION_FORMAT = "dwarf-with-dsym";
				ENABLE_NS_ASSERTIONS = NO;
				ENABLE_STRICT_OBJC_MSGSEND = YES;
				GCC_C_LANGUAGE_STANDARD = gnu11;
				GCC_NO_COMMON_BLOCKS = YES;
				GCC_WARN_64_TO_32_BIT_CONVERSION = YES;
				GCC_WARN_ABOUT_RETURN_TYPE = YES_ERROR;
				GCC_WARN_UNDECLARED_SELECTOR = YES;
				GCC_WARN_UNINITIALIZED_AUTOS = YES_AGGRESSIVE;
				GCC_WARN_UNUSED_FUNCTION = YES;
				GCC_WARN_UNUSED_VARIABLE = YES;
				IPHONEOS_DEPLOYMENT_TARGET = 11.4;
				MTL_ENABLE_DEBUG_INFO = NO;
				SDKROOT = iphoneos;
				SWIFT_COMPILATION_MODE = wholemodule;
				SWIFT_OPTIMIZATION_LEVEL = "-O";
				VALIDATE_PRODUCT = YES;
			};
			name = Release;
		};
		A4B5D55B2146F29D00A46D00 /* Debug */ = {
			isa = XCBuildConfiguration;
			baseConfigurationReference = 79E9A1CE4355A7CB591AB86E /* Pods-Rise.debug.xcconfig */;
			buildSettings = {
				ASSETCATALOG_COMPILER_APPICON_NAME = AppIcon;
				CODE_SIGN_STYLE = Automatic;
				DEVELOPMENT_TEAM = 5H9J7C2J3D;
				INFOPLIST_FILE = Rise/Info.plist;
				LD_RUNPATH_SEARCH_PATHS = (
					"$(inherited)",
					"@executable_path/Frameworks",
				);
				PRODUCT_BUNDLE_IDENTIFIER = com.myemployees.Rise;
				PRODUCT_NAME = "$(TARGET_NAME)";
				SWIFT_VERSION = 4.2;
				TARGETED_DEVICE_FAMILY = 1;
			};
			name = Debug;
		};
		A4B5D55C2146F29D00A46D00 /* Release */ = {
			isa = XCBuildConfiguration;
			baseConfigurationReference = 6DEC385AB7EB032C83F223F5 /* Pods-Rise.release.xcconfig */;
			buildSettings = {
				ASSETCATALOG_COMPILER_APPICON_NAME = AppIcon;
				CODE_SIGN_STYLE = Automatic;
				DEVELOPMENT_TEAM = 5H9J7C2J3D;
				INFOPLIST_FILE = Rise/Info.plist;
				LD_RUNPATH_SEARCH_PATHS = (
					"$(inherited)",
					"@executable_path/Frameworks",
				);
				PRODUCT_BUNDLE_IDENTIFIER = com.myemployees.Rise;
				PRODUCT_NAME = "$(TARGET_NAME)";
				SWIFT_VERSION = 4.2;
				TARGETED_DEVICE_FAMILY = 1;
			};
			name = Release;
		};
		A4B5D55E2146F29D00A46D00 /* Debug */ = {
			isa = XCBuildConfiguration;
			baseConfigurationReference = E177B0125CCB827DD98B301A /* Pods-RiseTests.debug.xcconfig */;
			buildSettings = {
				ALWAYS_EMBED_SWIFT_STANDARD_LIBRARIES = YES;
				BUNDLE_LOADER = "$(TEST_HOST)";
				CODE_SIGN_STYLE = Automatic;
				DEVELOPMENT_TEAM = 5H9J7C2J3D;
				INFOPLIST_FILE = RiseTests/Info.plist;
				LD_RUNPATH_SEARCH_PATHS = (
					"$(inherited)",
					"@executable_path/Frameworks",
					"@loader_path/Frameworks",
				);
				PRODUCT_BUNDLE_IDENTIFIER = com.myemployees.RiseTests;
				PRODUCT_NAME = "$(TARGET_NAME)";
				SWIFT_VERSION = 4.2;
				TARGETED_DEVICE_FAMILY = "1,2";
				TEST_HOST = "$(BUILT_PRODUCTS_DIR)/Rise.app/Rise";
			};
			name = Debug;
		};
		A4B5D55F2146F29D00A46D00 /* Release */ = {
			isa = XCBuildConfiguration;
			baseConfigurationReference = 0C3CA425786DA6C9918E19FA /* Pods-RiseTests.release.xcconfig */;
			buildSettings = {
				ALWAYS_EMBED_SWIFT_STANDARD_LIBRARIES = YES;
				BUNDLE_LOADER = "$(TEST_HOST)";
				CODE_SIGN_STYLE = Automatic;
				DEVELOPMENT_TEAM = 5H9J7C2J3D;
				INFOPLIST_FILE = RiseTests/Info.plist;
				LD_RUNPATH_SEARCH_PATHS = (
					"$(inherited)",
					"@executable_path/Frameworks",
					"@loader_path/Frameworks",
				);
				PRODUCT_BUNDLE_IDENTIFIER = com.myemployees.RiseTests;
				PRODUCT_NAME = "$(TARGET_NAME)";
				SWIFT_VERSION = 4.2;
				TARGETED_DEVICE_FAMILY = "1,2";
				TEST_HOST = "$(BUILT_PRODUCTS_DIR)/Rise.app/Rise";
			};
			name = Release;
		};
		A4B5D5612146F29D00A46D00 /* Debug */ = {
			isa = XCBuildConfiguration;
			baseConfigurationReference = 5297AE768DF273C1A3DC8353 /* Pods-RiseUITests.debug.xcconfig */;
			buildSettings = {
				ALWAYS_EMBED_SWIFT_STANDARD_LIBRARIES = YES;
				CODE_SIGN_STYLE = Automatic;
				DEVELOPMENT_TEAM = 5H9J7C2J3D;
				INFOPLIST_FILE = RiseUITests/Info.plist;
				LD_RUNPATH_SEARCH_PATHS = (
					"$(inherited)",
					"@executable_path/Frameworks",
					"@loader_path/Frameworks",
				);
				PRODUCT_BUNDLE_IDENTIFIER = com.myemployees.RiseUITests;
				PRODUCT_NAME = "$(TARGET_NAME)";
				SWIFT_VERSION = 4.2;
				TARGETED_DEVICE_FAMILY = "1,2";
				TEST_TARGET_NAME = Rise;
			};
			name = Debug;
		};
		A4B5D5622146F29D00A46D00 /* Release */ = {
			isa = XCBuildConfiguration;
			baseConfigurationReference = 10FD0E848B763C94A7B07A75 /* Pods-RiseUITests.release.xcconfig */;
			buildSettings = {
				ALWAYS_EMBED_SWIFT_STANDARD_LIBRARIES = YES;
				CODE_SIGN_STYLE = Automatic;
				DEVELOPMENT_TEAM = 5H9J7C2J3D;
				INFOPLIST_FILE = RiseUITests/Info.plist;
				LD_RUNPATH_SEARCH_PATHS = (
					"$(inherited)",
					"@executable_path/Frameworks",
					"@loader_path/Frameworks",
				);
				PRODUCT_BUNDLE_IDENTIFIER = com.myemployees.RiseUITests;
				PRODUCT_NAME = "$(TARGET_NAME)";
				SWIFT_VERSION = 4.2;
				TARGETED_DEVICE_FAMILY = "1,2";
				TEST_TARGET_NAME = Rise;
			};
			name = Release;
		};
/* End XCBuildConfiguration section */

/* Begin XCConfigurationList section */
		A4B5D52A2146F29C00A46D00 /* Build configuration list for PBXProject "Rise" */ = {
			isa = XCConfigurationList;
			buildConfigurations = (
				A4B5D5582146F29D00A46D00 /* Debug */,
				A4B5D5592146F29D00A46D00 /* Release */,
			);
			defaultConfigurationIsVisible = 0;
			defaultConfigurationName = Release;
		};
		A4B5D55A2146F29D00A46D00 /* Build configuration list for PBXNativeTarget "Rise" */ = {
			isa = XCConfigurationList;
			buildConfigurations = (
				A4B5D55B2146F29D00A46D00 /* Debug */,
				A4B5D55C2146F29D00A46D00 /* Release */,
			);
			defaultConfigurationIsVisible = 0;
			defaultConfigurationName = Release;
		};
		A4B5D55D2146F29D00A46D00 /* Build configuration list for PBXNativeTarget "RiseTests" */ = {
			isa = XCConfigurationList;
			buildConfigurations = (
				A4B5D55E2146F29D00A46D00 /* Debug */,
				A4B5D55F2146F29D00A46D00 /* Release */,
			);
			defaultConfigurationIsVisible = 0;
			defaultConfigurationName = Release;
		};
		A4B5D5602146F29D00A46D00 /* Build configuration list for PBXNativeTarget "RiseUITests" */ = {
			isa = XCConfigurationList;
			buildConfigurations = (
				A4B5D5612146F29D00A46D00 /* Debug */,
				A4B5D5622146F29D00A46D00 /* Release */,
			);
			defaultConfigurationIsVisible = 0;
			defaultConfigurationName = Release;
		};
/* End XCConfigurationList section */

/* Begin XCVersionGroup section */
		A4B5D5392146F29C00A46D00 /* Rise.xcdatamodeld */ = {
			isa = XCVersionGroup;
			children = (
				A4B5D53A2146F29C00A46D00 /* Rise.xcdatamodel */,
			);
			currentVersion = A4B5D53A2146F29C00A46D00 /* Rise.xcdatamodel */;
			path = Rise.xcdatamodeld;
			sourceTree = "<group>";
			versionGroupType = wrapper.xcdatamodel;
		};
/* End XCVersionGroup section */
	};
	rootObject = A4B5D5272146F29C00A46D00 /* Project object */;
}
